
Microsoft Visual Studio Solution File, Format Version 12.00
# Visual Studio Version 17
VisualStudioVersion = 17.7.34024.191
MinimumVisualStudioVersion = 10.0.40219.1
Project("{9A19103F-16F7-4668-BE54-9A1E7A4F7556}") = "Shopping", "Ajax\Shopping.csproj", "{16A89C91-D57A-4484-89C8-1270C42ACAAE}"
EndProject
Project("{FAE04EC0-301F-11D3-BF4B-00C04F79EFBC}") = "AjaxTableData", "AjaxTableData\AjaxTableData.csproj", "{521B9942-7CE6-4801-8808-650A67E6E123}"
EndProject
Global
	GlobalSection(SolutionConfigurationPlatforms) = preSolution
		Debug|Any CPU = Debug|Any CPU
		Release|Any CPU = Release|Any CPU
	EndGlobalSection
	GlobalSection(ProjectConfigurationPlatforms) = postSolution
		{16A89C91-D57A-4484-89C8-1270C42ACAAE}.Debug|Any CPU.ActiveCfg = Debug|Any CPU
		{16A89C91-D57A-4484-89C8-1270C42ACAAE}.Debug|Any CPU.Build.0 = Debug|Any CPU
		{16A89C91-D57A-4484-89C8-1270C42ACAAE}.Release|Any CPU.ActiveCfg = Release|Any CPU
		{16A89C91-D57A-4484-89C8-1270C42ACAAE}.Release|Any CPU.Build.0 = Release|Any CPU
		{521B9942-7CE6-4801-8808-650A67E6E123}.Debug|Any CPU.ActiveCfg = Debug|Any CPU
		{521B9942-7CE6-4801-8808-650A67E6E123}.Debug|Any CPU.Build.0 = Debug|Any CPU
		{521B9942-7CE6-4801-8808-650A67E6E123}.Release|Any CPU.ActiveCfg = Release|Any CPU
		{521B9942-7CE6-4801-8808-650A67E6E123}.Release|Any CPU.Build.0 = Release|Any CPU
	EndGlobalSection
	GlobalSection(SolutionProperties) = preSolution
		HideSolutionNode = FALSE
	EndGlobalSection
	GlobalSection(ExtensibilityGlobals) = postSolution
		SolutionGuid = {8141CF87-5C16-44A1-9995-B71F77EA812E}
	EndGlobalSection
EndGlobal
